<?xml version="1.0" encoding="utf-8"?>
<Project ToolsVersion="4.0" xmlns="http://schemas.microsoft.com/developer/msbuild/2003">
  <ItemGroup>
    <ClInclude Include="bmpHeader.h" />
    <ClInclude Include="bmpInfoHeader.h" />
    <ClInclude Include="Camera.h" />
    <ClInclude Include="HitRecord.h" />
    <ClInclude Include="Image.h" />
    <ClInclude Include="Light.h" />
    <ClInclude Include="ObjectBase.h" />
    <ClInclude Include="Plane.h" />
    <ClInclude Include="Ray.h" />
    <ClInclude Include="Renderer.h" />
    <ClInclude Include="Scene.h" />
    <ClInclude Include="Sphere.h" />
    <ClInclude Include="SpheresScene.h" />
    <ClInclude Include="Transform.h" />
  </ItemGroup>
  <ItemGroup>
    <ClCompile Include="SpheresScene.cpp" />
  </ItemGroup>
  <ItemGroup>
    <None Include="packages.config" />
  </ItemGroup>
</Project>